
Microsoft Visual Studio Solution File, Format Version 12.00
# Visual Studio Version 16
VisualStudioVersion = 16.0.31402.337
MinimumVisualStudioVersion = 10.0.40219.1
Project("{FAE04EC0-301F-11D3-BF4B-00C04F79EFBC}") = "CarPlateView", "CarPlateView\CarPlateView.csproj", "{4DC37EE9-FF12-4478-BAF9-A78A1E7D1DCF}"
EndProject
Global
	GlobalSection(SolutionConfigurationPlatforms) = preSolution
		Debug|Any CPU = Debug|Any CPU
		Release|Any CPU = Release|Any CPU
	EndGlobalSection
	GlobalSection(ProjectConfigurationPlatforms) = postSolution
		{4DC37EE9-FF12-4478-BAF9-A78A1E7D1DCF}.Debug|Any CPU.ActiveCfg = Debug|Any CPU
		{4DC37EE9-FF12-4478-BAF9-A78A1E7D1DCF}.Debug|Any CPU.Build.0 = Debug|Any CPU
		{4DC37EE9-FF12-4478-BAF9-A78A1E7D1DCF}.Release|Any CPU.ActiveCfg = Release|Any CPU
		{4DC37EE9-FF12-4478-BAF9-A78A1E7D1DCF}.Release|Any CPU.Build.0 = Release|Any CPU
	EndGlobalSection
	GlobalSection(SolutionProperties) = preSolution
		HideSolutionNode = FALSE
	EndGlobalSection
	GlobalSection(ExtensibilityGlobals) = postSolution
		SolutionGuid = {07AA0A39-B485-4452-B188-E65147C18C7A}
	EndGlobalSection
EndGlobal
